// !$*UTF8*$!
{
	archiveVersion = 1;
	classes = {
	};
	objectVersion = 46;
	objects = {

/* Begin PBXBuildFile section */
		B0A37A4C1B672F18004A348F /* main.c in Sources */ = {isa = PBXBuildFile; fileRef = B0A37A3B1B672DE2004A348F /* main.c */; };
		B0A37A4D1B672F1B004A348F /* mykernel.cl in Sources */ = {isa = PBXBuildFile; fileRef = B0A37A3E1B672E19004A348F /* mykernel.cl */; };
/* End PBXBuildFile section */

/* Begin PBXCopyFilesBuildPhase section */
		B0A37A421B672EBE004A348F /* CopyFiles */ = {
			isa = PBXCopyFilesBuildPhase;
			buildActionMask = 2147483647;
			dstPath = /usr/share/man/man1/;
			dstSubfolderSpec = 0;
			files = (
			);
			runOnlyForDeploymentPostprocessing = 1;
		};
/* End PBXCopyFilesBuildPhase section */

/* Begin PBXFileReference section */
		B0A37A3B1B672DE2004A348F /* main.c */ = {isa = PBXFileReference; lastKnownFileType = sourcecode.c.c; name = main.c; path = ../main.c; sourceTree = "<group>"; };
		B0A37A3E1B672E19004A348F /* mykernel.cl */ = {isa = PBXFileReference; lastKnownFileType = sourcecode.opencl; name = mykernel.cl; path = ../mykernel.cl; sourceTree = "<group>"; };
		B0A37A441B672EBE004A348F /* opencl_ascii */ = {isa = PBXFileReference; explicitFileType = "compiled.mach-o.executable"; includeInIndex = 0; path = opencl_ascii; sourceTree = BUILT_PRODUCTS_DIR; };
/* End PBXFileReference section */

/* Begin PBXFrameworksBuildPhase section */
		B0A37A411B672EBE004A348F /* Frameworks */ = {
			isa = PBXFrameworksBuildPhase;
			buildActionMask = 2147483647;
			files = (
			);
			runOnlyForDeploymentPostprocessing = 0;
		};
/* End PBXFrameworksBuildPhase section */

/* Begin PBXGroup section */
		B0A37A341B672DC0004A348F = {
			isa = PBXGroup;
			children = (
				B0A37A461B672EBE004A348F /* opencl_ascii */,
				B0A37A451B672EBE004A348F /* Products */,
			);
			sourceTree = "<group>";
		};
		B0A37A451B672EBE004A348F /* Products */ = {
			isa = PBXGroup;
			children = (
				B0A37A441B672EBE004A348F /* opencl_ascii */,
			);
			name = Products;
			sourceTree = "<group>";
		};
		B0A37A461B672EBE004A348F /* opencl_ascii */ = {
			isa = PBXGroup;
			children = (
				B0A37A3B1B672DE2004A348F /* main.c */,
				B0A37A3E1B672E19004A348F /* mykernel.cl */,
			);
			path = opencl_ascii;
			sourceTree = "<group>";
		};
/* End PBXGroup section */

/* Begin PBXNativeTarget section */
		B0A37A431B672EBE004A348F /* opencl_ascii */ = {
			isa = PBXNativeTarget;
			buildConfigurationList = B0A37A491B672EBE004A348F /* Build configuration list for PBXNativeTarget "opencl_ascii" */;
			buildPhases = (
				B0A37A401B672EBE004A348F /* Sources */,
				B0A37A411B672EBE004A348F /* Frameworks */,
				B0A37A421B672EBE004A348F /* CopyFiles */,
			);
			buildRules = (
			);
			dependencies = (
			);
			name = opencl_ascii;
			productName = opencl_ascii;
			productReference = B0A37A441B672EBE004A348F /* opencl_ascii */;
			productType = "com.apple.product-type.tool";
		};
/* End PBXNativeTarget section */

/* Begin PBXProject section */
		B0A37A351B672DC0004A348F /* Project object */ = {
			isa = PBXProject;
			attributes = {
				LastUpgradeCheck = 0640;
				TargetAttributes = {
					B0A37A431B672EBE004A348F = {
						CreatedOnToolsVersion = 6.4;
					};
				};
			};
			buildConfigurationList = B0A37A381B672DC0004A348F /* Build configuration list for PBXProject "opencl_ascii" */;
			compatibilityVersion = "Xcode 3.2";
			developmentRegion = English;
			hasScannedForEncodings = 0;
			knownRegions = (
				en,
			);
			mainGroup = B0A37A341B672DC0004A348F;
			productRefGroup = B0A37A451B672EBE004A348F /* Products */;
			projectDirPath = "";
			projectRoot = "";
			targets = (
				B0A37A431B672EBE004A348F /* opencl_ascii */,
			);
		};
/* End PBXProject section */

/* Begin PBXSourcesBuildPhase section */
		B0A37A401B672EBE004A348F /* Sources */ = {
			isa = PBXSourcesBuildPhase;
			buildActionMask = 2147483647;
			files = (
				B0A37A4C1B672F18004A348F /* main.c in Sources */,
				B0A37A4D1B672F1B004A348F /* mykernel.cl in Sources */,
			);
			runOnlyForDeploymentPostprocessing = 0;
		};
/* End PBXSourcesBuildPhase section */

/* Begin XCBuildConfiguration section */
		B0A37A391B672DC0004A348F /* Debug */ = {
			isa = XCBuildConfiguration;
			buildSettings = {
			};
			name = Debug;
		};
		B0A37A3A1B672DC0004A348F /* Release */ = {
			isa = XCBuildConfiguration;
			buildSettings = {
			};
			name = Release;
		};
		B0A37A4A1B672EBE004A348F /* Debug */ = {
			isa = XCBuildConfiguration;
			buildSettings = {
				ALWAYS_SEARCH_USER_PATHS = NO;
				CLANG_CXX_LANGUAGE_STANDARD = "gnu++0x";
				CLANG_CXX_LIBRARY = "libc++";
				CLANG_ENABLE_MODULES = YES;
				CLANG_ENABLE_OBJC_ARC = YES;
				CLANG_WARN_BOOL_CONVERSION = YES;
				CLANG_WARN_CONSTANT_CONVERSION = YES;
				CLANG_WARN_DIRECT_OBJC_ISA_USAGE = YES_ERROR;
				CLANG_WARN_EMPTY_BODY = YES;
				CLANG_WARN_ENUM_CONVERSION = YES;
				CLANG_WARN_INT_CONVERSION = YES;
				CLANG_WARN_OBJC_ROOT_CLASS = YES_ERROR;
				CLANG_WARN_UNREACHABLE_CODE = YES;
				CLANG_WARN__DUPLICATE_METHOD_MATCH = YES;
				COPY_PHASE_STRIP = NO;
				DEBUG_INFORMATION_FORMAT = dwarf;
				ENABLE_STRICT_OBJC_MSGSEND = YES;
				GCC_C_LANGUAGE_STANDARD = gnu99;
				GCC_DYNAMIC_NO_PIC = NO;
				GCC_NO_COMMON_BLOCKS = YES;
				GCC_OPTIMIZATION_LEVEL = 0;
				GCC_PREPROCESSOR_DEFINITIONS = (
					"DEBUG=1",
					"$(inherited)",
				);
				GCC_SYMBOLS_PRIVATE_EXTERN = NO;
				GCC_WARN_64_TO_32_BIT_CONVERSION = YES;
				GCC_WARN_ABOUT_RETURN_TYPE = YES_ERROR;
				GCC_WARN_UNDECLARED_SELECTOR = YES;
				GCC_WARN_UNINITIALIZED_AUTOS = YES_AGGRESSIVE;
				GCC_WARN_UNUSED_FUNCTION = YES;
				GCC_WARN_UNUSED_VARIABLE = YES;
				MACOSX_DEPLOYMENT_TARGET = 10.10;
				MTL_ENABLE_DEBUG_INFO = YES;
				ONLY_ACTIVE_ARCH = YES;
				PRODUCT_NAME = "$(TARGET_NAME)";
				SDKROOT = macosx;
			};
			name = Debug;
		};
		B0A37A4B1B672EBE004A348F /* Release */ = {
			isa = XCBuildConfiguration;
			buildSettings = {
				ALWAYS_SEARCH_USER_PATHS = NO;
				CLANG_CXX_LANGUAGE_STANDARD = "gnu++0x";
				CLANG_CXX_LIBRARY = "libc++";
				CLANG_ENABLE_MODULES = YES;
				CLANG_ENABLE_OBJC_ARC = YES;
				CLANG_WARN_BOOL_CONVERSION = YES;
				CLANG_WARN_CONSTANT_CONVERSION = YES;
				CLANG_WARN_DIRECT_OBJC_ISA_USAGE = YES_ERROR;
				CLANG_WARN_EMPTY_BODY = YES;
				CLANG_WARN_ENUM_CONVERSION = YES;
				CLANG_WARN_INT_CONVERSION = YES;
				CLANG_WARN_OBJC_ROOT_CLASS = YES_ERROR;
				CLANG_WARN_UNREACHABLE_CODE = YES;
				CLANG_WARN__DUPLICATE_METHOD_MATCH = YES;
				COPY_PHASE_STRIP = NO;
				DEBUG_INFORMATION_FORMAT = "dwarf-with-dsym";
				ENABLE_NS_ASSERTIONS = NO;
				ENABLE_STRICT_OBJC_MSGSEND = YES;
				GCC_C_LANGUAGE_STANDARD = gnu99;
				GCC_NO_COMMON_BLOCKS = YES;
				GCC_WARN_64_TO_32_BIT_CONVERSION = YES;
				GCC_WARN_ABOUT_RETURN_TYPE = YES_ERROR;
				GCC_WARN_UNDECLARED_SELECTOR = YES;
				GCC_WARN_UNINITIALIZED_AUTOS = YES_AGGRESSIVE;
				GCC_WARN_UNUSED_FUNCTION = YES;
				GCC_WARN_UNUSED_VARIABLE = YES;
				MACOSX_DEPLOYMENT_TARGET = 10.10;
				MTL_ENABLE_DEBUG_INFO = NO;
				PRODUCT_NAME = "$(TARGET_NAME)";
				SDKROOT = macosx;
			};
			name = Release;
		};
/* End XCBuildConfiguration section */

/* Begin XCConfigurationList section */
		B0A37A381B672DC0004A348F /* Build configuration list for PBXProject "opencl_ascii" */ = {
			isa = XCConfigurationList;
			buildConfigurations = (
				B0A37A391B672DC0004A348F /* Debug */,
				B0A37A3A1B672DC0004A348F /* Release */,
			);
			defaultConfigurationIsVisible = 0;
			defaultConfigurationName = Release;
		};
		B0A37A491B672EBE004A348F /* Build configuration list for PBXNativeTarget "opencl_ascii" */ = {
			isa = XCConfigurationList;
			buildConfigurations = (
				B0A37A4A1B672EBE004A348F /* Debug */,
				B0A37A4B1B672EBE004A348F /* Release */,
			);
			defaultConfigurationIsVisible = 0;
		};
/* End XCConfigurationList section */
	};
	rootObject = B0A37A351B672DC0004A348F /* Project object */;
}
